
Microsoft Visual Studio Solution File, Format Version 12.00
# Visual Studio Version 17
VisualStudioVersion = 17.14.37203.1 d17.14
MinimumVisualStudioVersion = 10.0.40219.1
Project("{FAE04EC0-301F-11D3-BF4B-00C04F79EFBC}") = "MedPrepLab", "MedPrepLab\MedPrepLab.csproj", "{5C58F1D6-1429-4710-BDCB-FAD18D68AB49}"
EndProject
Global
	GlobalSection(SolutionConfigurationPlatforms) = preSolution
		Debug|Any CPU = Debug|Any CPU
		Release|Any CPU = Release|Any CPU
	EndGlobalSection
	GlobalSection(ProjectConfigurationPlatforms) = postSolution
		{5C58F1D6-1429-4710-BDCB-FAD18D68AB49}.Debug|Any CPU.ActiveCfg = Debug|Any CPU
		{5C58F1D6-1429-4710-BDCB-FAD18D68AB49}.Debug|Any CPU.Build.0 = Debug|Any CPU
		{5C58F1D6-1429-4710-BDCB-FAD18D68AB49}.Release|Any CPU.ActiveCfg = Release|Any CPU
		{5C58F1D6-1429-4710-BDCB-FAD18D68AB49}.Release|Any CPU.Build.0 = Release|Any CPU
	EndGlobalSection
	GlobalSection(SolutionProperties) = preSolution
		HideSolutionNode = FALSE
	EndGlobalSection
	GlobalSection(ExtensibilityGlobals) = postSolution
		SolutionGuid = {34D14641-4EE2-4587-A486-C077087754C3}
	EndGlobalSection
EndGlobal
